
Microsoft Visual Studio Solution File, Format Version 12.00
# Visual Studio Version 16
VisualStudioVersion = 16.0.34301.259
MinimumVisualStudioVersion = 10.0.40219.1
Project("{FAE04EC0-301F-11D3-BF4B-00C04F79EFBC}") = "MeyawoPortfolios", "MeyawoPortfolios\MeyawoPortfolios.csproj", "{795F9B9D-47C0-4146-A01C-9CA2D2B1DDE4}"
EndProject
Global
	GlobalSection(SolutionConfigurationPlatforms) = preSolution
		Debug|Any CPU = Debug|Any CPU
		Release|Any CPU = Release|Any CPU
	EndGlobalSection
	GlobalSection(ProjectConfigurationPlatforms) = postSolution
		{795F9B9D-47C0-4146-A01C-9CA2D2B1DDE4}.Debug|Any CPU.ActiveCfg = Debug|Any CPU
		{795F9B9D-47C0-4146-A01C-9CA2D2B1DDE4}.Debug|Any CPU.Build.0 = Debug|Any CPU
		{795F9B9D-47C0-4146-A01C-9CA2D2B1DDE4}.Release|Any CPU.ActiveCfg = Release|Any CPU
		{795F9B9D-47C0-4146-A01C-9CA2D2B1DDE4}.Release|Any CPU.Build.0 = Release|Any CPU
	EndGlobalSection
	GlobalSection(SolutionProperties) = preSolution
		HideSolutionNode = FALSE
	EndGlobalSection
	GlobalSection(ExtensibilityGlobals) = postSolution
		SolutionGuid = {58DC968F-5B7C-42DD-82F7-7D37669F1581}
	EndGlobalSection
EndGlobal
